
Microsoft Visual Studio Solution File, Format Version 12.00
# Visual Studio Version 16
VisualStudioVersion = 16.0.30320.27
MinimumVisualStudioVersion = 10.0.40219.1
Project("{FAE04EC0-301F-11D3-BF4B-00C04F79EFBC}") = "XTranslator.UWP", "XTranslator\XTranslator.UWP\XTranslator.UWP.csproj", "{C3F4CF08-BFF8-417A-B30E-4923FE8B5018}"
EndProject
Project("{FAE04EC0-301F-11D3-BF4B-00C04F79EFBC}") = "XTranslator.Android", "XTranslator\XTranslator.Android\XTranslator.Android.csproj", "{0DE8B53F-FB4E-4D2E-A4A5-C9E894E40CB3}"
EndProject
Project("{FAE04EC0-301F-11D3-BF4B-00C04F79EFBC}") = "XTranslator.iOS", "XTranslator\XTranslator.iOS\XTranslator.iOS.csproj", "{FBAE5A31-317D-44DF-B315-9B7ED50EBC1D}"
EndProject
Project("{FAE04EC0-301F-11D3-BF4B-00C04F79EFBC}") = "XTranslator", "XTranslator\XTranslator\XTranslator.csproj", "{5B8BB009-3D04-48E1-8DF0-4653078CA0D9}"
EndProject
Global
	GlobalSection(SolutionConfigurationPlatforms) = preSolution
		Debug|Any CPU = Debug|Any CPU
		Debug|ARM = Debug|ARM
		Debug|iPhone = Debug|iPhone
		Debug|iPhoneSimulator = Debug|iPhoneSimulator
		Debug|x64 = Debug|x64
		Debug|x86 = Debug|x86
		Release|Any CPU = Release|Any CPU
		Release|ARM = Release|ARM
		Release|iPhone = Release|iPhone
		Release|iPhoneSimulator = Release|iPhoneSimulator
		Release|x64 = Release|x64
		Release|x86 = Release|x86
	EndGlobalSection
	GlobalSection(ProjectConfigurationPlatforms) = postSolution
		{C3F4CF08-BFF8-417A-B30E-4923FE8B5018}.Debug|Any CPU.ActiveCfg = Debug|x86
		{C3F4CF08-BFF8-417A-B30E-4923FE8B5018}.Debug|Any CPU.Build.0 = Debug|x86
		{C3F4CF08-BFF8-417A-B30E-4923FE8B5018}.Debug|Any CPU.Deploy.0 = Debug|x86
		{C3F4CF08-BFF8-417A-B30E-4923FE8B5018}.Debug|ARM.ActiveCfg = Debug|ARM
		{C3F4CF08-BFF8-417A-B30E-4923FE8B5018}.Debug|ARM.Build.0 = Debug|ARM
		{C3F4CF08-BFF8-417A-B30E-4923FE8B5018}.Debug|ARM.Deploy.0 = Debug|ARM
		{C3F4CF08-BFF8-417A-B30E-4923FE8B5018}.Debug|iPhone.ActiveCfg = Debug|x86
		{C3F4CF08-BFF8-417A-B30E-4923FE8B5018}.Debug|iPhone.Build.0 = Debug|x86
		{C3F4CF08-BFF8-417A-B30E-4923FE8B5018}.Debug|iPhone.Deploy.0 = Debug|x86
		{C3F4CF08-BFF8-417A-B30E-4923FE8B5018}.Debug|iPhoneSimulator.ActiveCfg = Debug|x86
		{C3F4CF08-BFF8-417A-B30E-4923FE8B5018}.Debug|iPhoneSimulator.Build.0 = Debug|x86
		{C3F4CF08-BFF8-417A-B30E-4923FE8B5018}.Debug|iPhoneSimulator.Deploy.0 = Debug|x86
		{C3F4CF08-BFF8-417A-B30E-4923FE8B5018}.Debug|x64.ActiveCfg = Debug|x64
		{C3F4CF08-BFF8-417A-B30E-4923FE8B5018}.Debug|x64.Build.0 = Debug|x64
		{C3F4CF08-BFF8-417A-B30E-4923FE8B5018}.Debug|x64.Deploy.0 = Debug|x64
		{C3F4CF08-BFF8-417A-B30E-4923FE8B5018}.Debug|x86.ActiveCfg = Debug|x86
		{C3F4CF08-BFF8-417A-B30E-4923FE8B5018}.Debug|x86.Build.0 = Debug|x86
		{C3F4CF08-BFF8-417A-B30E-4923FE8B5018}.Debug|x86.Deploy.0 = Debug|x86
		{C3F4CF08-BFF8-417A-B30E-4923FE8B5018}.Release|Any CPU.ActiveCfg = Release|x86
		{C3F4CF08-BFF8-417A-B30E-4923FE8B5018}.Release|Any CPU.Build.0 = Release|x86
		{C3F4CF08-BFF8-417A-B30E-4923FE8B5018}.Release|Any CPU.Deploy.0 = Release|x86
		{C3F4CF08-BFF8-417A-B30E-4923FE8B5018}.Release|ARM.ActiveCfg = Release|ARM
		{C3F4CF08-BFF8-417A-B30E-4923FE8B5018}.Release|ARM.Build.0 = Release|ARM
		{C3F4CF08-BFF8-417A-B30E-4923FE8B5018}.Release|ARM.Deploy.0 = Release|ARM
		{C3F4CF08-BFF8-417A-B30E-4923FE8B5018}.Release|iPhone.ActiveCfg = Release|x86
		{C3F4CF08-BFF8-417A-B30E-4923FE8B5018}.Release|iPhone.Build.0 = Release|x86
		{C3F4CF08-BFF8-417A-B30E-4923FE8B5018}.Release|iPhone.Deploy.0 = Release|x86
		{C3F4CF08-BFF8-417A-B30E-4923FE8B5018}.Release|iPhoneSimulator.ActiveCfg = Release|x86
		{C3F4CF08-BFF8-417A-B30E-4923FE8B5018}.Release|iPhoneSimulator.Build.0 = Release|x86
		{C3F4CF08-BFF8-417A-B30E-4923FE8B5018}.Release|iPhoneSimulator.Deploy.0 = Release|x86
		{C3F4CF08-BFF8-417A-B30E-4923FE8B5018}.Release|x64.ActiveCfg = Release|x64
		{C3F4CF08-BFF8-417A-B30E-4923FE8B5018}.Release|x64.Build.0 = Release|x64
		{C3F4CF08-BFF8-417A-B30E-4923FE8B5018}.Release|x64.Deploy.0 = Release|x64
		{C3F4CF08-BFF8-417A-B30E-4923FE8B5018}.Release|x86.ActiveCfg = Release|x86
		{C3F4CF08-BFF8-417A-B30E-4923FE8B5018}.Release|x86.Build.0 = Release|x86
		{C3F4CF08-BFF8-417A-B30E-4923FE8B5018}.Release|x86.Deploy.0 = Release|x86
		{0DE8B53F-FB4E-4D2E-A4A5-C9E894E40CB3}.Debug|Any CPU.ActiveCfg = Debug|Any CPU
		{0DE8B53F-FB4E-4D2E-A4A5-C9E894E40CB3}.Debug|Any CPU.Build.0 = Debug|Any CPU
		{0DE8B53F-FB4E-4D2E-A4A5-C9E894E40CB3}.Debug|Any CPU.Deploy.0 = Debug|Any CPU
		{0DE8B53F-FB4E-4D2E-A4A5-C9E894E40CB3}.Debug|ARM.ActiveCfg = Debug|Any CPU
		{0DE8B53F-FB4E-4D2E-A4A5-C9E894E40CB3}.Debug|ARM.Build.0 = Debug|Any CPU
		{0DE8B53F-FB4E-4D2E-A4A5-C9E894E40CB3}.Debug|ARM.Deploy.0 = Debug|Any CPU
		{0DE8B53F-FB4E-4D2E-A4A5-C9E894E40CB3}.Debug|iPhone.ActiveCfg = Debug|Any CPU
		{0DE8B53F-FB4E-4D2E-A4A5-C9E894E40CB3}.Debug|iPhone.Build.0 = Debug|Any CPU
		{0DE8B53F-FB4E-4D2E-A4A5-C9E894E40CB3}.Debug|iPhone.Deploy.0 = Debug|Any CPU
		{0DE8B53F-FB4E-4D2E-A4A5-C9E894E40CB3}.Debug|iPhoneSimulator.ActiveCfg = Debug|Any CPU
		{0DE8B53F-FB4E-4D2E-A4A5-C9E894E40CB3}.Debug|iPhoneSimulator.Build.0 = Debug|Any CPU
		{0DE8B53F-FB4E-4D2E-A4A5-C9E894E40CB3}.Debug|iPhoneSimulator.Deploy.0 = Debug|Any CPU
		{0DE8B53F-FB4E-4D2E-A4A5-C9E894E40CB3}.Debug|x64.ActiveCfg = Debug|Any CPU
		{0DE8B53F-FB4E-4D2E-A4A5-C9E894E40CB3}.Debug|x64.Build.0 = Debug|Any CPU
		{0DE8B53F-FB4E-4D2E-A4A5-C9E894E40CB3}.Debug|x64.Deploy.0 = Debug|Any CPU
		{0DE8B53F-FB4E-4D2E-A4A5-C9E894E40CB3}.Debug|x86.ActiveCfg = Debug|Any CPU
		{0DE8B53F-FB4E-4D2E-A4A5-C9E894E40CB3}.Debug|x86.Build.0 = Debug|Any CPU
		{0DE8B53F-FB4E-4D2E-A4A5-C9E894E40CB3}.Debug|x86.Deploy.0 = Debug|Any CPU
		{0DE8B53F-FB4E-4D2E-A4A5-C9E894E40CB3}.Release|Any CPU.ActiveCfg = Release|Any CPU
		{0DE8B53F-FB4E-4D2E-A4A5-C9E894E40CB3}.Release|Any CPU.Build.0 = Release|Any CPU
		{0DE8B53F-FB4E-4D2E-A4A5-C9E894E40CB3}.Release|Any CPU.Deploy.0 = Release|Any CPU
		{0DE8B53F-FB4E-4D2E-A4A5-C9E894E40CB3}.Release|ARM.ActiveCfg = Release|Any CPU
		{0DE8B53F-FB4E-4D2E-A4A5-C9E894E40CB3}.Release|ARM.Build.0 = Release|Any CPU
		{0DE8B53F-FB4E-4D2E-A4A5-C9E894E40CB3}.Release|ARM.Deploy.0 = Release|Any CPU
		{0DE8B53F-FB4E-4D2E-A4A5-C9E894E40CB3}.Release|iPhone.ActiveCfg = Release|Any CPU
		{0DE8B53F-FB4E-4D2E-A4A5-C9E894E40CB3}.Release|iPhone.Build.0 = Release|Any CPU
		{0DE8B53F-FB4E-4D2E-A4A5-C9E894E40CB3}.Release|iPhone.Deploy.0 = Release|Any CPU
		{0DE8B53F-FB4E-4D2E-A4A5-C9E894E40CB3}.Release|iPhoneSimulator.ActiveCfg = Release|Any CPU
		{0DE8B53F-FB4E-4D2E-A4A5-C9E894E40CB3}.Release|iPhoneSimulator.Build.0 = Release|Any CPU
		{0DE8B53F-FB4E-4D2E-A4A5-C9E894E40CB3}.Release|iPhoneSimulator.Deploy.0 = Release|Any CPU
		{0DE8B53F-FB4E-4D2E-A4A5-C9E894E40CB3}.Release|x64.ActiveCfg = Release|Any CPU
		{0DE8B53F-FB4E-4D2E-A4A5-C9E894E40CB3}.Release|x64.Build.0 = Release|Any CPU
		{0DE8B53F-FB4E-4D2E-A4A5-C9E894E40CB3}.Release|x64.Deploy.0 = Release|Any CPU
		{0DE8B53F-FB4E-4D2E-A4A5-C9E894E40CB3}.Release|x86.ActiveCfg = Release|Any CPU
		{0DE8B53F-FB4E-4D2E-A4A5-C9E894E40CB3}.Release|x86.Build.0 = Release|Any CPU
		{0DE8B53F-FB4E-4D2E-A4A5-C9E894E40CB3}.Release|x86.Deploy.0 = Release|Any CPU
		{FBAE5A31-317D-44DF-B315-9B7ED50EBC1D}.Debug|Any CPU.ActiveCfg = Debug|iPhone
		{FBAE5A31-317D-44DF-B315-9B7ED50EBC1D}.Debug|Any CPU.Build.0 = Debug|iPhone
		{FBAE5A31-317D-44DF-B315-9B7ED50EBC1D}.Debug|Any CPU.Deploy.0 = Debug|iPhone
		{FBAE5A31-317D-44DF-B315-9B7ED50EBC1D}.Debug|ARM.ActiveCfg = Debug|iPhone
		{FBAE5A31-317D-44DF-B315-9B7ED50EBC1D}.Debug|ARM.Build.0 = Debug|iPhone
		{FBAE5A31-317D-44DF-B315-9B7ED50EBC1D}.Debug|ARM.Deploy.0 = Debug|iPhone
		{FBAE5A31-317D-44DF-B315-9B7ED50EBC1D}.Debug|iPhone.ActiveCfg = Debug|iPhone
		{FBAE5A31-317D-44DF-B315-9B7ED50EBC1D}.Debug|iPhone.Build.0 = Debug|iPhone
		{FBAE5A31-317D-44DF-B315-9B7ED50EBC1D}.Debug|iPhone.Deploy.0 = Debug|iPhone
		{FBAE5A31-317D-44DF-B315-9B7ED50EBC1D}.Debug|iPhoneSimulator.ActiveCfg = Debug|iPhoneSimulator
		{FBAE5A31-317D-44DF-B315-9B7ED50EBC1D}.Debug|iPhoneSimulator.Build.0 = Debug|iPhoneSimulator
		{FBAE5A31-317D-44DF-B315-9B7ED50EBC1D}.Debug|iPhoneSimulator.Deploy.0 = Debug|iPhoneSimulator
		{FBAE5A31-317D-44DF-B315-9B7ED50EBC1D}.Debug|x64.ActiveCfg = Debug|iPhone
		{FBAE5A31-317D-44DF-B315-9B7ED50EBC1D}.Debug|x64.Build.0 = Debug|iPhone
		{FBAE5A31-317D-44DF-B315-9B7ED50EBC1D}.Debug|x64.Deploy.0 = Debug|iPhone
		{FBAE5A31-317D-44DF-B315-9B7ED50EBC1D}.Debug|x86.ActiveCfg = Debug|iPhone
		{FBAE5A31-317D-44DF-B315-9B7ED50EBC1D}.Debug|x86.Build.0 = Debug|iPhone
		{FBAE5A31-317D-44DF-B315-9B7ED50EBC1D}.Debug|x86.Deploy.0 = Debug|iPhone
		{FBAE5A31-317D-44DF-B315-9B7ED50EBC1D}.Release|Any CPU.ActiveCfg = Release|iPhone
		{FBAE5A31-317D-44DF-B315-9B7ED50EBC1D}.Release|Any CPU.Build.0 = Release|iPhone
		{FBAE5A31-317D-44DF-B315-9B7ED50EBC1D}.Release|Any CPU.Deploy.0 = Release|iPhone
		{FBAE5A31-317D-44DF-B315-9B7ED50EBC1D}.Release|ARM.ActiveCfg = Release|iPhone
		{FBAE5A31-317D-44DF-B315-9B7ED50EBC1D}.Release|ARM.Build.0 = Release|iPhone
		{FBAE5A31-317D-44DF-B315-9B7ED50EBC1D}.Release|ARM.Deploy.0 = Release|iPhone
		{FBAE5A31-317D-44DF-B315-9B7ED50EBC1D}.Release|iPhone.ActiveCfg = Release|iPhone
		{FBAE5A31-317D-44DF-B315-9B7ED50EBC1D}.Release|iPhone.Build.0 = Release|iPhone
		{FBAE5A31-317D-44DF-B315-9B7ED50EBC1D}.Release|iPhone.Deploy.0 = Release|iPhone
		{FBAE5A31-317D-44DF-B315-9B7ED50EBC1D}.Release|iPhoneSimulator.ActiveCfg = Release|iPhoneSimulator
		{FBAE5A31-317D-44DF-B315-9B7ED50EBC1D}.Release|iPhoneSimulator.Build.0 = Release|iPhoneSimulator
		{FBAE5A31-317D-44DF-B315-9B7ED50EBC1D}.Release|iPhoneSimulator.Deploy.0 = Release|iPhoneSimulator
		{FBAE5A31-317D-44DF-B315-9B7ED50EBC1D}.Release|x64.ActiveCfg = Release|iPhone
		{FBAE5A31-317D-44DF-B315-9B7ED50EBC1D}.Release|x64.Build.0 = Release|iPhone
		{FBAE5A31-317D-44DF-B315-9B7ED50EBC1D}.Release|x64.Deploy.0 = Release|iPhone
		{FBAE5A31-317D-44DF-B315-9B7ED50EBC1D}.Release|x86.ActiveCfg = Release|iPhone
		{FBAE5A31-317D-44DF-B315-9B7ED50EBC1D}.Release|x86.Build.0 = Release|iPhone
		{FBAE5A31-317D-44DF-B315-9B7ED50EBC1D}.Release|x86.Deploy.0 = Release|iPhone
		{5B8BB009-3D04-48E1-8DF0-4653078CA0D9}.Debug|Any CPU.ActiveCfg = Debug|Any CPU
		{5B8BB009-3D04-48E1-8DF0-4653078CA0D9}.Debug|Any CPU.Build.0 = Debug|Any CPU
		{5B8BB009-3D04-48E1-8DF0-4653078CA0D9}.Debug|Any CPU.Deploy.0 = Debug|Any CPU
		{5B8BB009-3D04-48E1-8DF0-4653078CA0D9}.Debug|ARM.ActiveCfg = Debug|Any CPU
		{5B8BB009-3D04-48E1-8DF0-4653078CA0D9}.Debug|ARM.Build.0 = Debug|Any CPU
		{5B8BB009-3D04-48E1-8DF0-4653078CA0D9}.Debug|ARM.Deploy.0 = Debug|Any CPU
		{5B8BB009-3D04-48E1-8DF0-4653078CA0D9}.Debug|iPhone.ActiveCfg = Debug|Any CPU
		{5B8BB009-3D04-48E1-8DF0-4653078CA0D9}.Debug|iPhone.Build.0 = Debug|Any CPU
		{5B8BB009-3D04-48E1-8DF0-4653078CA0D9}.Debug|iPhone.Deploy.0 = Debug|Any CPU
		{5B8BB009-3D04-48E1-8DF0-4653078CA0D9}.Debug|iPhoneSimulator.ActiveCfg = Debug|Any CPU
		{5B8BB009-3D04-48E1-8DF0-4653078CA0D9}.Debug|iPhoneSimulator.Build.0 = Debug|Any CPU
		{5B8BB009-3D04-48E1-8DF0-4653078CA0D9}.Debug|iPhoneSimulator.Deploy.0 = Debug|Any CPU
		{5B8BB009-3D04-48E1-8DF0-4653078CA0D9}.Debug|x64.ActiveCfg = Debug|Any CPU
		{5B8BB009-3D04-48E1-8DF0-4653078CA0D9}.Debug|x64.Build.0 = Debug|Any CPU
		{5B8BB009-3D04-48E1-8DF0-4653078CA0D9}.Debug|x64.Deploy.0 = Debug|Any CPU
		{5B8BB009-3D04-48E1-8DF0-4653078CA0D9}.Debug|x86.ActiveCfg = Debug|Any CPU
		{5B8BB009-3D04-48E1-8DF0-4653078CA0D9}.Debug|x86.Build.0 = Debug|Any CPU
		{5B8BB009-3D04-48E1-8DF0-4653078CA0D9}.Debug|x86.Deploy.0 = Debug|Any CPU
		{5B8BB009-3D04-48E1-8DF0-4653078CA0D9}.Release|Any CPU.ActiveCfg = Release|Any CPU
		{5B8BB009-3D04-48E1-8DF0-4653078CA0D9}.Release|Any CPU.Build.0 = Release|Any CPU
		{5B8BB009-3D04-48E1-8DF0-4653078CA0D9}.Release|Any CPU.Deploy.0 = Release|Any CPU
		{5B8BB009-3D04-48E1-8DF0-4653078CA0D9}.Release|ARM.ActiveCfg = Release|Any CPU
		{5B8BB009-3D04-48E1-8DF0-4653078CA0D9}.Release|ARM.Build.0 = Release|Any CPU
		{5B8BB009-3D04-48E1-8DF0-4653078CA0D9}.Release|ARM.Deploy.0 = Release|Any CPU
		{5B8BB009-3D04-48E1-8DF0-4653078CA0D9}.Release|iPhone.ActiveCfg = Release|Any CPU
		{5B8BB009-3D04-48E1-8DF0-4653078CA0D9}.Release|iPhone.Build.0 = Release|Any CPU
		{5B8BB009-3D04-48E1-8DF0-4653078CA0D9}.Release|iPhone.Deploy.0 = Release|Any CPU
		{5B8BB009-3D04-48E1-8DF0-4653078CA0D9}.Release|iPhoneSimulator.ActiveCfg = Release|Any CPU
		{5B8BB009-3D04-48E1-8DF0-4653078CA0D9}.Release|iPhoneSimulator.Build.0 = Release|Any CPU
		{5B8BB009-3D04-48E1-8DF0-4653078CA0D9}.Release|iPhoneSimulator.Deploy.0 = Release|Any CPU
		{5B8BB009-3D04-48E1-8DF0-4653078CA0D9}.Release|x64.ActiveCfg = Release|Any CPU
		{5B8BB009-3D04-48E1-8DF0-4653078CA0D9}.Release|x64.Build.0 = Release|Any CPU
		{5B8BB009-3D04-48E1-8DF0-4653078CA0D9}.Release|x64.Deploy.0 = Release|Any CPU
		{5B8BB009-3D04-48E1-8DF0-4653078CA0D9}.Release|x86.ActiveCfg = Release|Any CPU
		{5B8BB009-3D04-48E1-8DF0-4653078CA0D9}.Release|x86.Build.0 = Release|Any CPU
		{5B8BB009-3D04-48E1-8DF0-4653078CA0D9}.Release|x86.Deploy.0 = Release|Any CPU
	EndGlobalSection
	GlobalSection(SolutionProperties) = preSolution
		HideSolutionNode = FALSE
	EndGlobalSection
	GlobalSection(ExtensibilityGlobals) = postSolution
		SolutionGuid = {8EA21B0E-FBB4-47C3-92D8-2F94FE11F4C9}
	EndGlobalSection
EndGlobal
